
Microsoft Visual Studio Solution File, Format Version 12.00
# Visual Studio Version 17
VisualStudioVersion = 17.11.35327.3
MinimumVisualStudioVersion = 10.0.40219.1
Project("{FAE04EC0-301F-11D3-BF4B-00C04F79EFBC}") = "AlchemyGame", "AlchemyGame.csproj", "{D492B41D-254F-40E3-B40E-9B619C923F72}"
EndProject
Global
	GlobalSection(SolutionConfigurationPlatforms) = preSolution
		Debug|Any CPU = Debug|Any CPU
		Release|Any CPU = Release|Any CPU
	EndGlobalSection
	GlobalSection(ProjectConfigurationPlatforms) = postSolution
		{D492B41D-254F-40E3-B40E-9B619C923F72}.Debug|Any CPU.ActiveCfg = Debug|Any CPU
		{D492B41D-254F-40E3-B40E-9B619C923F72}.Debug|Any CPU.Build.0 = Debug|Any CPU
		{D492B41D-254F-40E3-B40E-9B619C923F72}.Release|Any CPU.ActiveCfg = Release|Any CPU
		{D492B41D-254F-40E3-B40E-9B619C923F72}.Release|Any CPU.Build.0 = Release|Any CPU
	EndGlobalSection
	GlobalSection(SolutionProperties) = preSolution
		HideSolutionNode = FALSE
	EndGlobalSection
	GlobalSection(ExtensibilityGlobals) = postSolution
		SolutionGuid = {508C5994-3754-4153-AE1E-314A4668F3A7}
	EndGlobalSection
EndGlobal
