
Microsoft Visual Studio Solution File, Format Version 12.00
# Visual Studio Version 17
VisualStudioVersion = 17.11.35327.3
MinimumVisualStudioVersion = 10.0.40219.1
Project("{9A19103F-16F7-4668-BE54-9A1E7A4F7556}") = "Parabola", "Parabola.csproj", "{334B920E-4159-4C1D-B071-E5CF01311022}"
EndProject
Global
	GlobalSection(SolutionConfigurationPlatforms) = preSolution
		Debug|Any CPU = Debug|Any CPU
		Release|Any CPU = Release|Any CPU
	EndGlobalSection
	GlobalSection(ProjectConfigurationPlatforms) = postSolution
		{334B920E-4159-4C1D-B071-E5CF01311022}.Debug|Any CPU.ActiveCfg = Debug|Any CPU
		{334B920E-4159-4C1D-B071-E5CF01311022}.Debug|Any CPU.Build.0 = Debug|Any CPU
		{334B920E-4159-4C1D-B071-E5CF01311022}.Release|Any CPU.ActiveCfg = Release|Any CPU
		{334B920E-4159-4C1D-B071-E5CF01311022}.Release|Any CPU.Build.0 = Release|Any CPU
	EndGlobalSection
	GlobalSection(SolutionProperties) = preSolution
		HideSolutionNode = FALSE
	EndGlobalSection
	GlobalSection(ExtensibilityGlobals) = postSolution
		SolutionGuid = {16CFF709-69AD-4792-9C28-93BEB0ABCB8D}
	EndGlobalSection
EndGlobal
