
Microsoft Visual Studio Solution File, Format Version 12.00
Project("{FAE04EC0-301F-11D3-BF4B-00C04F79EFBC}") = "3dsExmaple", "3dsExmaple.csproj", "{FE8D6823-6E48-430E-86A5-59203D9591E3}"
EndProject
Global
	GlobalSection(SolutionConfigurationPlatforms) = preSolution
		Debug|Any CPU = Debug|Any CPU
		Release|Any CPU = Release|Any CPU
	EndGlobalSection
	GlobalSection(ProjectConfigurationPlatforms) = postSolution
		{FE8D6823-6E48-430E-86A5-59203D9591E3}.Debug|Any CPU.ActiveCfg = Debug|Any CPU
		{FE8D6823-6E48-430E-86A5-59203D9591E3}.Debug|Any CPU.Build.0 = Debug|Any CPU
		{FE8D6823-6E48-430E-86A5-59203D9591E3}.Release|Any CPU.ActiveCfg = Release|Any CPU
		{FE8D6823-6E48-430E-86A5-59203D9591E3}.Release|Any CPU.Build.0 = Release|Any CPU
	EndGlobalSection
EndGlobal
