
Microsoft Visual Studio Solution File, Format Version 12.00
# Visual Studio Version 17
VisualStudioVersion = 17.11.35327.3
MinimumVisualStudioVersion = 10.0.40219.1
Project("{FAE04EC0-301F-11D3-BF4B-00C04F79EFBC}") = "Tetris", "Tetris.csproj", "{EE8982B3-6B2E-483E-949E-BEB4623B025E}"
EndProject
Global
	GlobalSection(SolutionConfigurationPlatforms) = preSolution
		Debug|Any CPU = Debug|Any CPU
		Release|Any CPU = Release|Any CPU
	EndGlobalSection
	GlobalSection(ProjectConfigurationPlatforms) = postSolution
		{EE8982B3-6B2E-483E-949E-BEB4623B025E}.Debug|Any CPU.ActiveCfg = Debug|Any CPU
		{EE8982B3-6B2E-483E-949E-BEB4623B025E}.Debug|Any CPU.Build.0 = Debug|Any CPU
		{EE8982B3-6B2E-483E-949E-BEB4623B025E}.Release|Any CPU.ActiveCfg = Release|Any CPU
		{EE8982B3-6B2E-483E-949E-BEB4623B025E}.Release|Any CPU.Build.0 = Release|Any CPU
	EndGlobalSection
	GlobalSection(SolutionProperties) = preSolution
		HideSolutionNode = FALSE
	EndGlobalSection
	GlobalSection(ExtensibilityGlobals) = postSolution
		SolutionGuid = {B80F5857-A8E5-43BE-9619-A5CA2433870F}
	EndGlobalSection
EndGlobal
