
Microsoft Visual Studio Solution File, Format Version 12.00
# Visual Studio Version 17
VisualStudioVersion = 17.13.35825.156 d17.13
MinimumVisualStudioVersion = 10.0.40219.1
Project("{FAE04EC0-301F-11D3-BF4B-00C04F79EFBC}") = "MemoryTrainer", "MemoryTrainer.csproj", "{17DBF089-B76E-44CB-A81B-2C5008762AB2}"
EndProject
Global
	GlobalSection(SolutionConfigurationPlatforms) = preSolution
		Debug|Any CPU = Debug|Any CPU
		Release|Any CPU = Release|Any CPU
	EndGlobalSection
	GlobalSection(ProjectConfigurationPlatforms) = postSolution
		{17DBF089-B76E-44CB-A81B-2C5008762AB2}.Debug|Any CPU.ActiveCfg = Debug|Any CPU
		{17DBF089-B76E-44CB-A81B-2C5008762AB2}.Debug|Any CPU.Build.0 = Debug|Any CPU
		{17DBF089-B76E-44CB-A81B-2C5008762AB2}.Release|Any CPU.ActiveCfg = Release|Any CPU
		{17DBF089-B76E-44CB-A81B-2C5008762AB2}.Release|Any CPU.Build.0 = Release|Any CPU
	EndGlobalSection
	GlobalSection(SolutionProperties) = preSolution
		HideSolutionNode = FALSE
	EndGlobalSection
	GlobalSection(ExtensibilityGlobals) = postSolution
		SolutionGuid = {40CA13CC-6574-4AA1-843C-68EC9AAAA904}
	EndGlobalSection
EndGlobal
